
Microsoft Visual Studio Solution File, Format Version 12.00
# Visual Studio Version 17
VisualStudioVersion = 17.2.32602.215
MinimumVisualStudioVersion = 10.0.40219.1
Project("{8BC9CEB8-8B4A-11D0-8D11-00A0C91BC942}") = "DynamicAllocApp", "Malloc\Malloc.vcxproj", "{12C87441-A41F-42D5-932F-E7A0BE96FE33}"
EndProject
Project("{8BC9CEB8-8B4A-11D0-8D11-00A0C91BC942}") = "FileIOApp", "FileIOApp\FileIOApp.vcxproj", "{0EA3B4F0-5AF2-42F1-99AF-A979FA369F14}"
EndProject
Global
	GlobalSection(SolutionConfigurationPlatforms) = preSolution
		Debug|x64 = Debug|x64
		Debug|x86 = Debug|x86
		Release|x64 = Release|x64
		Release|x86 = Release|x86
	EndGlobalSection
	GlobalSection(ProjectConfigurationPlatforms) = postSolution
		{12C87441-A41F-42D5-932F-E7A0BE96FE33}.Debug|x64.ActiveCfg = Debug|x64
		{12C87441-A41F-42D5-932F-E7A0BE96FE33}.Debug|x64.Build.0 = Debug|x64
		{12C87441-A41F-42D5-932F-E7A0BE96FE33}.Debug|x86.ActiveCfg = Debug|Win32
		{12C87441-A41F-42D5-932F-E7A0BE96FE33}.Debug|x86.Build.0 = Debug|Win32
		{12C87441-A41F-42D5-932F-E7A0BE96FE33}.Release|x64.ActiveCfg = Release|x64
		{12C87441-A41F-42D5-932F-E7A0BE96FE33}.Release|x64.Build.0 = Release|x64
		{12C87441-A41F-42D5-932F-E7A0BE96FE33}.Release|x86.ActiveCfg = Release|Win32
		{12C87441-A41F-42D5-932F-E7A0BE96FE33}.Release|x86.Build.0 = Release|Win32
		{0EA3B4F0-5AF2-42F1-99AF-A979FA369F14}.Debug|x64.ActiveCfg = Debug|x64
		{0EA3B4F0-5AF2-42F1-99AF-A979FA369F14}.Debug|x64.Build.0 = Debug|x64
		{0EA3B4F0-5AF2-42F1-99AF-A979FA369F14}.Debug|x86.ActiveCfg = Debug|Win32
		{0EA3B4F0-5AF2-42F1-99AF-A979FA369F14}.Debug|x86.Build.0 = Debug|Win32
		{0EA3B4F0-5AF2-42F1-99AF-A979FA369F14}.Release|x64.ActiveCfg = Release|x64
		{0EA3B4F0-5AF2-42F1-99AF-A979FA369F14}.Release|x64.Build.0 = Release|x64
		{0EA3B4F0-5AF2-42F1-99AF-A979FA369F14}.Release|x86.ActiveCfg = Release|Win32
		{0EA3B4F0-5AF2-42F1-99AF-A979FA369F14}.Release|x86.Build.0 = Release|Win32
	EndGlobalSection
	GlobalSection(SolutionProperties) = preSolution
		HideSolutionNode = FALSE
	EndGlobalSection
	GlobalSection(ExtensibilityGlobals) = postSolution
		SolutionGuid = {1F315C5C-115A-48E0-9D02-97F00CA4B6C6}
	EndGlobalSection
EndGlobal
